// !$*UTF8*$!
{
	archiveVersion = 1;
	classes = {
	};
	objectVersion = 46;
	objects = {

/* Begin PBXBuildFile section */
		F924F2EF1E2F2BD200DFDE89 /* AppDelegate.swift in Sources */ = {isa = PBXBuildFile; fileRef = F924F2EE1E2F2BD200DFDE89 /* AppDelegate.swift */; };
		F924F2F11E2F2BD200DFDE89 /* ViewController.swift in Sources */ = {isa = PBXBuildFile; fileRef = F924F2F01E2F2BD200DFDE89 /* ViewController.swift */; };
		F924F2F41E2F2BD200DFDE89 /* Main.storyboard in Resources */ = {isa = PBXBuildFile; fileRef = F924F2F21E2F2BD200DFDE89 /* Main.storyboard */; };
		F924F2F61E2F2BD200DFDE89 /* Assets.xcassets in Resources */ = {isa = PBXBuildFile; fileRef = F924F2F51E2F2BD200DFDE89 /* Assets.xcassets */; };
		F924F2F91E2F2BD200DFDE89 /* LaunchScreen.storyboard in Resources */ = {isa = PBXBuildFile; fileRef = F924F2F71E2F2BD200DFDE89 /* LaunchScreen.storyboard */; };
/* End PBXBuildFile section */

/* Begin PBXFileReference section */
		F924F2EB1E2F2BD100DFDE89 /* SampleTextField.app */ = {isa = PBXFileReference; explicitFileType = wrapper.application; includeInIndex = 0; path = SampleTextField.app; sourceTree = BUILT_PRODUCTS_DIR; };
		F924F2EE1E2F2BD200DFDE89 /* AppDelegate.swift */ = {isa = PBXFileReference; lastKnownFileType = sourcecode.swift; path = AppDelegate.swift; sourceTree = "<group>"; };
		F924F2F01E2F2BD200DFDE89 /* ViewController.swift */ = {isa = PBXFileReference; lastKnownFileType = sourcecode.swift; path = ViewController.swift; sourceTree = "<group>"; };
		F924F2F31E2F2BD200DFDE89 /* Base */ = {isa = PBXFileReference; lastKnownFileType = file.storyboard; name = Base; path = Base.lproj/Main.storyboard; sourceTree = "<group>"; };
		F924F2F51E2F2BD200DFDE89 /* Assets.xcassets */ = {isa = PBXFileReference; lastKnownFileType = folder.assetcatalog; path = Assets.xcassets; sourceTree = "<group>"; };
		F924F2F81E2F2BD200DFDE89 /* Base */ = {isa = PBXFileReference; lastKnownFileType = file.storyboard; name = Base; path = Base.lproj/LaunchScreen.storyboard; sourceTree = "<group>"; };
		F924F2FA1E2F2BD200DFDE89 /* Info.plist */ = {isa = PBXFileReference; lastKnownFileType = text.plist.xml; path = Info.plist; sourceTree = "<group>"; };
/* End PBXFileReference section */

/* Begin PBXFrameworksBuildPhase section */
		F924F2E81E2F2BD100DFDE89 /* Frameworks */ = {
			isa = PBXFrameworksBuildPhase;
			buildActionMask = 2147483647;
			files = (
			);
			runOnlyForDeploymentPostprocessing = 0;
		};
/* End PBXFrameworksBuildPhase section */

/* Begin PBXGroup section */
		F924F2E21E2F2BD100DFDE89 = {
			isa = PBXGroup;
			children = (
				F924F2ED1E2F2BD200DFDE89 /* SampleTextField */,
				F924F2EC1E2F2BD100DFDE89 /* Products */,
			);
			sourceTree = "<group>";
		};
		F924F2EC1E2F2BD100DFDE89 /* Products */ = {
			isa = PBXGroup;
			children = (
				F924F2EB1E2F2BD100DFDE89 /* SampleTextField.app */,
			);
			name = Products;
			sourceTree = "<group>";
		};
		F924F2ED1E2F2BD200DFDE89 /* SampleTextField */ = {
			isa = PBXGroup;
			children = (
				F924F2EE1E2F2BD200DFDE89 /* AppDelegate.swift */,
				F924F2F01E2F2BD200DFDE89 /* ViewController.swift */,
				F924F2F21E2F2BD200DFDE89 /* Main.storyboard */,
				F924F2F51E2F2BD200DFDE89 /* Assets.xcassets */,
				F924F2F71E2F2BD200DFDE89 /* LaunchScreen.storyboard */,
				F924F2FA1E2F2BD200DFDE89 /* Info.plist */,
			);
			path = SampleTextField;
			sourceTree = "<group>";
		};
/* End PBXGroup section */

/* Begin PBXNativeTarget section */
		F924F2EA1E2F2BD100DFDE89 /* SampleTextField */ = {
			isa = PBXNativeTarget;
			buildConfigurationList = F924F2FD1E2F2BD200DFDE89 /* Build configuration list for PBXNativeTarget "SampleTextField" */;
			buildPhases = (
				F924F2E71E2F2BD100DFDE89 /* Sources */,
				F924F2E81E2F2BD100DFDE89 /* Frameworks */,
				F924F2E91E2F2BD100DFDE89 /* Resources */,
			);
			buildRules = (
			);
			dependencies = (
			);
			name = SampleTextField;
			productName = SampleTextField;
			productReference = F924F2EB1E2F2BD100DFDE89 /* SampleTextField.app */;
			productType = "com.apple.product-type.application";
		};
/* End PBXNativeTarget section */

/* Begin PBXProject section */
		F924F2E31E2F2BD100DFDE89 /* Project object */ = {
			isa = PBXProject;
			attributes = {
				LastSwiftUpdateCheck = 0730;
				LastUpgradeCheck = 0730;
				ORGANIZATIONNAME = spaceo;
				TargetAttributes = {
					F924F2EA1E2F2BD100DFDE89 = {
						CreatedOnToolsVersion = 7.3.1;
					};
				};
			};
			buildConfigurationList = F924F2E61E2F2BD100DFDE89 /* Build configuration list for PBXProject "SampleTextField" */;
			compatibilityVersion = "Xcode 3.2";
			developmentRegion = English;
			hasScannedForEncodings = 0;
			knownRegions = (
				en,
				Base,
			);
			mainGroup = F924F2E21E2F2BD100DFDE89;
			productRefGroup = F924F2EC1E2F2BD100DFDE89 /* Products */;
			projectDirPath = "";
			projectRoot = "";
			targets = (
				F924F2EA1E2F2BD100DFDE89 /* SampleTextField */,
			);
		};
/* End PBXProject section */

/* Begin PBXResourcesBuildPhase section */
		F924F2E91E2F2BD100DFDE89 /* Resources */ = {
			isa = PBXResourcesBuildPhase;
			buildActionMask = 2147483647;
			files = (
				F924F2F91E2F2BD200DFDE89 /* LaunchScreen.storyboard in Resources */,
				F924F2F61E2F2BD200DFDE89 /* Assets.xcassets in Resources */,
				F924F2F41E2F2BD200DFDE89 /* Main.storyboard in Resources */,
			);
			runOnlyForDeploymentPostprocessing = 0;
		};
/* End PBXResourcesBuildPhase section */

/* Begin PBXSourcesBuildPhase section */
		F924F2E71E2F2BD100DFDE89 /* Sources */ = {
			isa = PBXSourcesBuildPhase;
			buildActionMask = 2147483647;
			files = (
				F924F2F11E2F2BD200DFDE89 /* ViewController.swift in Sources */,
				F924F2EF1E2F2BD200DFDE89 /* AppDelegate.swift in Sources */,
			);
			runOnlyForDeploymentPostprocessing = 0;
		};
/* End PBXSourcesBuildPhase section */

/* Begin PBXVariantGroup section */
		F924F2F21E2F2BD200DFDE89 /* Main.storyboard */ = {
			isa = PBXVariantGroup;
			children = (
				F924F2F31E2F2BD200DFDE89 /* Base */,
			);
			name = Main.storyboard;
			sourceTree = "<group>";
		};
		F924F2F71E2F2BD200DFDE89 /* LaunchScreen.storyboard */ = {
			isa = PBXVariantGroup;
			children = (
				F924F2F81E2F2BD200DFDE89 /* Base */,
			);
			name = LaunchScreen.storyboard;
			sourceTree = "<group>";
		};
/* End PBXVariantGroup section */

/* Begin XCBuildConfiguration section */
		F924F2FB1E2F2BD200DFDE89 /* Debug */ = {
			isa = XCBuildConfiguration;
			buildSettings = {
				ALWAYS_SEARCH_USER_PATHS = NO;
				CLANG_ANALYZER_NONNULL = YES;
				CLANG_CXX_LANGUAGE_STANDARD = "gnu++0x";
				CLANG_CXX_LIBRARY = "libc++";
				CLANG_ENABLE_MODULES = YES;
				CLANG_ENABLE_OBJC_ARC = YES;
				CLANG_WARN_BOOL_CONVERSION = YES;
				CLANG_WARN_CONSTANT_CONVERSION = YES;
				CLANG_WARN_DIRECT_OBJC_ISA_USAGE = YES_ERROR;
				CLANG_WARN_EMPTY_BODY = YES;
				CLANG_WARN_ENUM_CONVERSION = YES;
				CLANG_WARN_INT_CONVERSION = YES;
				CLANG_WARN_OBJC_ROOT_CLASS = YES_ERROR;
				CLANG_WARN_UNREACHABLE_CODE = YES;
				CLANG_WARN__DUPLICATE_METHOD_MATCH = YES;
				"CODE_SIGN_IDENTITY[sdk=iphoneos*]" = "iPhone Developer";
				COPY_PHASE_STRIP = NO;
				DEBUG_INFORMATION_FORMAT = dwarf;
				ENABLE_STRICT_OBJC_MSGSEND = YES;
				ENABLE_TESTABILITY = YES;
				GCC_C_LANGUAGE_STANDARD = gnu99;
				GCC_DYNAMIC_NO_PIC = NO;
				GCC_NO_COMMON_BLOCKS = YES;
				GCC_OPTIMIZATION_LEVEL = 0;
				GCC_PREPROCESSOR_DEFINITIONS = (
					"DEBUG=1",
					"$(inherited)",
				);
				GCC_WARN_64_TO_32_BIT_CONVERSION = YES;
				GCC_WARN_ABOUT_RETURN_TYPE = YES_ERROR;
				GCC_WARN_UNDECLARED_SELECTOR = YES;
				GCC_WARN_UNINITIALIZED_AUTOS = YES_AGGRESSIVE;
				GCC_WARN_UNUSED_FUNCTION = YES;
				GCC_WARN_UNUSED_VARIABLE = YES;
				IPHONEOS_DEPLOYMENT_TARGET = 9.3;
				MTL_ENABLE_DEBUG_INFO = YES;
				ONLY_ACTIVE_ARCH = YES;
				SDKROOT = iphoneos;
				SWIFT_OPTIMIZATION_LEVEL = "-Onone";
			};
			name = Debug;
		};
		F924F2FC1E2F2BD200DFDE89 /* Release */ = {
			isa = XCBuildConfiguration;
			buildSettings = {
				ALWAYS_SEARCH_USER_PATHS = NO;
				CLANG_ANALYZER_NONNULL = YES;
				CLANG_CXX_LANGUAGE_STANDARD = "gnu++0x";
				CLANG_CXX_LIBRARY = "libc++";
				CLANG_ENABLE_MODULES = YES;
				CLANG_ENABLE_OBJC_ARC = YES;
				CLANG_WARN_BOOL_CONVERSION = YES;
				CLANG_WARN_CONSTANT_CONVERSION = YES;
				CLANG_WARN_DIRECT_OBJC_ISA_USAGE = YES_ERROR;
				CLANG_WARN_EMPTY_BODY = YES;
				CLANG_WARN_ENUM_CONVERSION = YES;
				CLANG_WARN_INT_CONVERSION = YES;
				CLANG_WARN_OBJC_ROOT_CLASS = YES_ERROR;
				CLANG_WARN_UNREACHABLE_CODE = YES;
				CLANG_WARN__DUPLICATE_METHOD_MATCH = YES;
				"CODE_SIGN_IDENTITY[sdk=iphoneos*]" = "iPhone Developer";
				COPY_PHASE_STRIP = NO;
				DEBUG_INFORMATION_FORMAT = "dwarf-with-dsym";
				ENABLE_NS_ASSERTIONS = NO;
				ENABLE_STRICT_OBJC_MSGSEND = YES;
				GCC_C_LANGUAGE_STANDARD = gnu99;
				GCC_NO_COMMON_BLOCKS = YES;
				GCC_WARN_64_TO_32_BIT_CONVERSION = YES;
				GCC_WARN_ABOUT_RETURN_TYPE = YES_ERROR;
				GCC_WARN_UNDECLARED_SELECTOR = YES;
				GCC_WARN_UNINITIALIZED_AUTOS = YES_AGGRESSIVE;
				GCC_WARN_UNUSED_FUNCTION = YES;
				GCC_WARN_UNUSED_VARIABLE = YES;
				IPHONEOS_DEPLOYMENT_TARGET = 9.3;
				MTL_ENABLE_DEBUG_INFO = NO;
				SDKROOT = iphoneos;
				VALIDATE_PRODUCT = YES;
			};
			name = Release;
		};
		F924F2FE1E2F2BD200DFDE89 /* Debug */ = {
			isa = XCBuildConfiguration;
			buildSettings = {
				ASSETCATALOG_COMPILER_APPICON_NAME = AppIcon;
				INFOPLIST_FILE = SampleTextField/Info.plist;
				LD_RUNPATH_SEARCH_PATHS = "$(inherited) @executable_path/Frameworks";
				PRODUCT_BUNDLE_IDENTIFIER = com.company.txtfield.SampleTextField;
				PRODUCT_NAME = "$(TARGET_NAME)";
			};
			name = Debug;
		};
		F924F2FF1E2F2BD200DFDE89 /* Release */ = {
			isa = XCBuildConfiguration;
			buildSettings = {
				ASSETCATALOG_COMPILER_APPICON_NAME = AppIcon;
				INFOPLIST_FILE = SampleTextField/Info.plist;
				LD_RUNPATH_SEARCH_PATHS = "$(inherited) @executable_path/Frameworks";
				PRODUCT_BUNDLE_IDENTIFIER = com.company.txtfield.SampleTextField;
				PRODUCT_NAME = "$(TARGET_NAME)";
			};
			name = Release;
		};
/* End XCBuildConfiguration section */

/* Begin XCConfigurationList section */
		F924F2E61E2F2BD100DFDE89 /* Build configuration list for PBXProject "SampleTextField" */ = {
			isa = XCConfigurationList;
			buildConfigurations = (
				F924F2FB1E2F2BD200DFDE89 /* Debug */,
				F924F2FC1E2F2BD200DFDE89 /* Release */,
			);
			defaultConfigurationIsVisible = 0;
			defaultConfigurationName = Release;
		};
		F924F2FD1E2F2BD200DFDE89 /* Build configuration list for PBXNativeTarget "SampleTextField" */ = {
			isa = XCConfigurationList;
			buildConfigurations = (
				F924F2FE1E2F2BD200DFDE89 /* Debug */,
				F924F2FF1E2F2BD200DFDE89 /* Release */,
			);
			defaultConfigurationIsVisible = 0;
		};
/* End XCConfigurationList section */
	};
	rootObject = F924F2E31E2F2BD100DFDE89 /* Project object */;
}
